
Microsoft Visual Studio Solution File, Format Version 12.00
# Visual Studio Version 17
VisualStudioVersion = 17.7.34031.279
MinimumVisualStudioVersion = 10.0.40219.1
Project("{8BC9CEB8-8B4A-11D0-8D11-00A0C91BC942}") = "ConsoleApplication1", "ConsoleApplication1\ConsoleApplication1.vcxproj", "{F9EF700F-2FF0-4797-8680-D813528C926A}"
EndProject
Project("{8BC9CEB8-8B4A-11D0-8D11-00A0C91BC942}") = "TicTaClient", "TicTaClient\TicTaClient.vcxproj", "{ECCCF68F-09BA-4A9B-B5E0-BB62D8738310}"
EndProject
Project("{8BC9CEB8-8B4A-11D0-8D11-00A0C91BC942}") = "TicTaServer", "TicTaServer\TicTaServer.vcxproj", "{F7B524C1-70BF-49CA-B757-D3028F9ECC2D}"
EndProject
Global
	GlobalSection(SolutionConfigurationPlatforms) = preSolution
		Debug|x64 = Debug|x64
		Debug|x86 = Debug|x86
		Release|x64 = Release|x64
		Release|x86 = Release|x86
	EndGlobalSection
	GlobalSection(ProjectConfigurationPlatforms) = postSolution
		{F9EF700F-2FF0-4797-8680-D813528C926A}.Debug|x64.ActiveCfg = Debug|x64
		{F9EF700F-2FF0-4797-8680-D813528C926A}.Debug|x64.Build.0 = Debug|x64
		{F9EF700F-2FF0-4797-8680-D813528C926A}.Debug|x86.ActiveCfg = Debug|Win32
		{F9EF700F-2FF0-4797-8680-D813528C926A}.Debug|x86.Build.0 = Debug|Win32
		{F9EF700F-2FF0-4797-8680-D813528C926A}.Release|x64.ActiveCfg = Release|x64
		{F9EF700F-2FF0-4797-8680-D813528C926A}.Release|x64.Build.0 = Release|x64
		{F9EF700F-2FF0-4797-8680-D813528C926A}.Release|x86.ActiveCfg = Release|Win32
		{F9EF700F-2FF0-4797-8680-D813528C926A}.Release|x86.Build.0 = Release|Win32
		{ECCCF68F-09BA-4A9B-B5E0-BB62D8738310}.Debug|x64.ActiveCfg = Debug|x64
		{ECCCF68F-09BA-4A9B-B5E0-BB62D8738310}.Debug|x64.Build.0 = Debug|x64
		{ECCCF68F-09BA-4A9B-B5E0-BB62D8738310}.Debug|x86.ActiveCfg = Debug|Win32
		{ECCCF68F-09BA-4A9B-B5E0-BB62D8738310}.Debug|x86.Build.0 = Debug|Win32
		{ECCCF68F-09BA-4A9B-B5E0-BB62D8738310}.Release|x64.ActiveCfg = Release|x64
		{ECCCF68F-09BA-4A9B-B5E0-BB62D8738310}.Release|x64.Build.0 = Release|x64
		{ECCCF68F-09BA-4A9B-B5E0-BB62D8738310}.Release|x86.ActiveCfg = Release|Win32
		{ECCCF68F-09BA-4A9B-B5E0-BB62D8738310}.Release|x86.Build.0 = Release|Win32
		{F7B524C1-70BF-49CA-B757-D3028F9ECC2D}.Debug|x64.ActiveCfg = Debug|x64
		{F7B524C1-70BF-49CA-B757-D3028F9ECC2D}.Debug|x64.Build.0 = Debug|x64
		{F7B524C1-70BF-49CA-B757-D3028F9ECC2D}.Debug|x86.ActiveCfg = Debug|Win32
		{F7B524C1-70BF-49CA-B757-D3028F9ECC2D}.Debug|x86.Build.0 = Debug|Win32
		{F7B524C1-70BF-49CA-B757-D3028F9ECC2D}.Release|x64.ActiveCfg = Release|x64
		{F7B524C1-70BF-49CA-B757-D3028F9ECC2D}.Release|x64.Build.0 = Release|x64
		{F7B524C1-70BF-49CA-B757-D3028F9ECC2D}.Release|x86.ActiveCfg = Release|Win32
		{F7B524C1-70BF-49CA-B757-D3028F9ECC2D}.Release|x86.Build.0 = Release|Win32
	EndGlobalSection
	GlobalSection(SolutionProperties) = preSolution
		HideSolutionNode = FALSE
	EndGlobalSection
	GlobalSection(ExtensibilityGlobals) = postSolution
		SolutionGuid = {B43F088A-D5FB-4455-8559-186D19856582}
	EndGlobalSection
EndGlobal
